// !$*UTF8*$!
{
	archiveVersion = 1;
	classes = {
	};
	objectVersion = 46;
	objects = {

/* Begin PBXBuildFile section */
		30E5DD3F1FB3D76400C21691 /* main.m in Sources */ = {isa = PBXBuildFile; fileRef = 30E5DD3E1FB3D76400C21691 /* main.m */; };
		30E5DD421FB3D76400C21691 /* AppDelegate.m in Sources */ = {isa = PBXBuildFile; fileRef = 30E5DD411FB3D76400C21691 /* AppDelegate.m */; };
		30E5DD451FB3D76400C21691 /* ViewController.m in Sources */ = {isa = PBXBuildFile; fileRef = 30E5DD441FB3D76400C21691 /* ViewController.m */; };
		30E5DD481FB3D76400C21691 /* Main.storyboard in Resources */ = {isa = PBXBuildFile; fileRef = 30E5DD461FB3D76400C21691 /* Main.storyboard */; };
		30E5DD4A1FB3D76400C21691 /* Assets.xcassets in Resources */ = {isa = PBXBuildFile; fileRef = 30E5DD491FB3D76400C21691 /* Assets.xcassets */; };
		30E5DD4D1FB3D76400C21691 /* LaunchScreen.storyboard in Resources */ = {isa = PBXBuildFile; fileRef = 30E5DD4B1FB3D76400C21691 /* LaunchScreen.storyboard */; };
		30E5DD561FB3DB0000C21691 /* WaveView.m in Sources */ = {isa = PBXBuildFile; fileRef = 30E5DD551FB3DB0000C21691 /* WaveView.m */; };
/* End PBXBuildFile section */

/* Begin PBXFileReference section */
		30E5DD3A1FB3D76400C21691 /* LMWave.app */ = {isa = PBXFileReference; explicitFileType = wrapper.application; includeInIndex = 0; path = LMWave.app; sourceTree = BUILT_PRODUCTS_DIR; };
		30E5DD3E1FB3D76400C21691 /* main.m */ = {isa = PBXFileReference; lastKnownFileType = sourcecode.c.objc; path = main.m; sourceTree = "<group>"; };
		30E5DD401FB3D76400C21691 /* AppDelegate.h */ = {isa = PBXFileReference; lastKnownFileType = sourcecode.c.h; path = AppDelegate.h; sourceTree = "<group>"; };
		30E5DD411FB3D76400C21691 /* AppDelegate.m */ = {isa = PBXFileReference; lastKnownFileType = sourcecode.c.objc; path = AppDelegate.m; sourceTree = "<group>"; };
		30E5DD431FB3D76400C21691 /* ViewController.h */ = {isa = PBXFileReference; lastKnownFileType = sourcecode.c.h; path = ViewController.h; sourceTree = "<group>"; };
		30E5DD441FB3D76400C21691 /* ViewController.m */ = {isa = PBXFileReference; lastKnownFileType = sourcecode.c.objc; path = ViewController.m; sourceTree = "<group>"; };
		30E5DD471FB3D76400C21691 /* Base */ = {isa = PBXFileReference; lastKnownFileType = file.storyboard; name = Base; path = Base.lproj/Main.storyboard; sourceTree = "<group>"; };
		30E5DD491FB3D76400C21691 /* Assets.xcassets */ = {isa = PBXFileReference; lastKnownFileType = folder.assetcatalog; path = Assets.xcassets; sourceTree = "<group>"; };
		30E5DD4C1FB3D76400C21691 /* Base */ = {isa = PBXFileReference; lastKnownFileType = file.storyboard; name = Base; path = Base.lproj/LaunchScreen.storyboard; sourceTree = "<group>"; };
		30E5DD4E1FB3D76400C21691 /* Info.plist */ = {isa = PBXFileReference; lastKnownFileType = text.plist.xml; path = Info.plist; sourceTree = "<group>"; };
		30E5DD541FB3DB0000C21691 /* WaveView.h */ = {isa = PBXFileReference; fileEncoding = 4; lastKnownFileType = sourcecode.c.h; path = WaveView.h; sourceTree = "<group>"; };
		30E5DD551FB3DB0000C21691 /* WaveView.m */ = {isa = PBXFileReference; fileEncoding = 4; lastKnownFileType = sourcecode.c.objc; path = WaveView.m; sourceTree = "<group>"; };
/* End PBXFileReference section */

/* Begin PBXFrameworksBuildPhase section */
		30E5DD371FB3D76400C21691 /* Frameworks */ = {
			isa = PBXFrameworksBuildPhase;
			buildActionMask = 2147483647;
			files = (
			);
			runOnlyForDeploymentPostprocessing = 0;
		};
/* End PBXFrameworksBuildPhase section */

/* Begin PBXGroup section */
		30E5DD311FB3D76400C21691 = {
			isa = PBXGroup;
			children = (
				30E5DD3C1FB3D76400C21691 /* LMWave */,
				30E5DD3B1FB3D76400C21691 /* Products */,
			);
			sourceTree = "<group>";
		};
		30E5DD3B1FB3D76400C21691 /* Products */ = {
			isa = PBXGroup;
			children = (
				30E5DD3A1FB3D76400C21691 /* LMWave.app */,
			);
			name = Products;
			sourceTree = "<group>";
		};
		30E5DD3C1FB3D76400C21691 /* LMWave */ = {
			isa = PBXGroup;
			children = (
				30E5DD541FB3DB0000C21691 /* WaveView.h */,
				30E5DD551FB3DB0000C21691 /* WaveView.m */,
				30E5DD401FB3D76400C21691 /* AppDelegate.h */,
				30E5DD411FB3D76400C21691 /* AppDelegate.m */,
				30E5DD431FB3D76400C21691 /* ViewController.h */,
				30E5DD441FB3D76400C21691 /* ViewController.m */,
				30E5DD461FB3D76400C21691 /* Main.storyboard */,
				30E5DD491FB3D76400C21691 /* Assets.xcassets */,
				30E5DD4B1FB3D76400C21691 /* LaunchScreen.storyboard */,
				30E5DD4E1FB3D76400C21691 /* Info.plist */,
				30E5DD3D1FB3D76400C21691 /* Supporting Files */,
			);
			path = LMWave;
			sourceTree = "<group>";
		};
		30E5DD3D1FB3D76400C21691 /* Supporting Files */ = {
			isa = PBXGroup;
			children = (
				30E5DD3E1FB3D76400C21691 /* main.m */,
			);
			name = "Supporting Files";
			sourceTree = "<group>";
		};
/* End PBXGroup section */

/* Begin PBXNativeTarget section */
		30E5DD391FB3D76400C21691 /* LMWave */ = {
			isa = PBXNativeTarget;
			buildConfigurationList = 30E5DD511FB3D76400C21691 /* Build configuration list for PBXNativeTarget "LMWave" */;
			buildPhases = (
				30E5DD361FB3D76400C21691 /* Sources */,
				30E5DD371FB3D76400C21691 /* Frameworks */,
				30E5DD381FB3D76400C21691 /* Resources */,
			);
			buildRules = (
			);
			dependencies = (
			);
			name = LMWave;
			productName = LMWave;
			productReference = 30E5DD3A1FB3D76400C21691 /* LMWave.app */;
			productType = "com.apple.product-type.application";
		};
/* End PBXNativeTarget section */

/* Begin PBXProject section */
		30E5DD321FB3D76400C21691 /* Project object */ = {
			isa = PBXProject;
			attributes = {
				LastUpgradeCheck = 0800;
				ORGANIZATIONNAME = LM;
				TargetAttributes = {
					30E5DD391FB3D76400C21691 = {
						CreatedOnToolsVersion = 8.0;
						DevelopmentTeam = AP5995A5FC;
						ProvisioningStyle = Automatic;
					};
				};
			};
			buildConfigurationList = 30E5DD351FB3D76400C21691 /* Build configuration list for PBXProject "LMWave" */;
			compatibilityVersion = "Xcode 3.2";
			developmentRegion = English;
			hasScannedForEncodings = 0;
			knownRegions = (
				en,
				Base,
			);
			mainGroup = 30E5DD311FB3D76400C21691;
			productRefGroup = 30E5DD3B1FB3D76400C21691 /* Products */;
			projectDirPath = "";
			projectRoot = "";
			targets = (
				30E5DD391FB3D76400C21691 /* LMWave */,
			);
		};
/* End PBXProject section */

/* Begin PBXResourcesBuildPhase section */
		30E5DD381FB3D76400C21691 /* Resources */ = {
			isa = PBXResourcesBuildPhase;
			buildActionMask = 2147483647;
			files = (
				30E5DD4D1FB3D76400C21691 /* LaunchScreen.storyboard in Resources */,
				30E5DD4A1FB3D76400C21691 /* Assets.xcassets in Resources */,
				30E5DD481FB3D76400C21691 /* Main.storyboard in Resources */,
			);
			runOnlyForDeploymentPostprocessing = 0;
		};
/* End PBXResourcesBuildPhase section */

/* Begin PBXSourcesBuildPhase section */
		30E5DD361FB3D76400C21691 /* Sources */ = {
			isa = PBXSourcesBuildPhase;
			buildActionMask = 2147483647;
			files = (
				30E5DD451FB3D76400C21691 /* ViewController.m in Sources */,
				30E5DD421FB3D76400C21691 /* AppDelegate.m in Sources */,
				30E5DD3F1FB3D76400C21691 /* main.m in Sources */,
				30E5DD561FB3DB0000C21691 /* WaveView.m in Sources */,
			);
			runOnlyForDeploymentPostprocessing = 0;
		};
/* End PBXSourcesBuildPhase section */

/* Begin PBXVariantGroup section */
		30E5DD461FB3D76400C21691 /* Main.storyboard */ = {
			isa = PBXVariantGroup;
			children = (
				30E5DD471FB3D76400C21691 /* Base */,
			);
			name = Main.storyboard;
			sourceTree = "<group>";
		};
		30E5DD4B1FB3D76400C21691 /* LaunchScreen.storyboard */ = {
			isa = PBXVariantGroup;
			children = (
				30E5DD4C1FB3D76400C21691 /* Base */,
			);
			name = LaunchScreen.storyboard;
			sourceTree = "<group>";
		};
/* End PBXVariantGroup section */

/* Begin XCBuildConfiguration section */
		30E5DD4F1FB3D76400C21691 /* Debug */ = {
			isa = XCBuildConfiguration;
			buildSettings = {
				ALWAYS_SEARCH_USER_PATHS = NO;
				CLANG_ANALYZER_NONNULL = YES;
				CLANG_CXX_LANGUAGE_STANDARD = "gnu++0x";
				CLANG_CXX_LIBRARY = "libc++";
				CLANG_ENABLE_MODULES = YES;
				CLANG_ENABLE_OBJC_ARC = YES;
				CLANG_WARN_BOOL_CONVERSION = YES;
				CLANG_WARN_CONSTANT_CONVERSION = YES;
				CLANG_WARN_DIRECT_OBJC_ISA_USAGE = YES_ERROR;
				CLANG_WARN_DOCUMENTATION_COMMENTS = YES;
				CLANG_WARN_EMPTY_BODY = YES;
				CLANG_WARN_ENUM_CONVERSION = YES;
				CLANG_WARN_INFINITE_RECURSION = YES;
				CLANG_WARN_INT_CONVERSION = YES;
				CLANG_WARN_OBJC_ROOT_CLASS = YES_ERROR;
				CLANG_WARN_SUSPICIOUS_MOVES = YES;
				CLANG_WARN_UNREACHABLE_CODE = YES;
				CLANG_WARN__DUPLICATE_METHOD_MATCH = YES;
				"CODE_SIGN_IDENTITY[sdk=iphoneos*]" = "iPhone Developer";
				COPY_PHASE_STRIP = NO;
				DEBUG_INFORMATION_FORMAT = dwarf;
				ENABLE_STRICT_OBJC_MSGSEND = YES;
				ENABLE_TESTABILITY = YES;
				GCC_C_LANGUAGE_STANDARD = gnu99;
				GCC_DYNAMIC_NO_PIC = NO;
				GCC_NO_COMMON_BLOCKS = YES;
				GCC_OPTIMIZATION_LEVEL = 0;
				GCC_PREPROCESSOR_DEFINITIONS = (
					"DEBUG=1",
					"$(inherited)",
				);
				GCC_WARN_64_TO_32_BIT_CONVERSION = YES;
				GCC_WARN_ABOUT_RETURN_TYPE = YES_ERROR;
				GCC_WARN_UNDECLARED_SELECTOR = YES;
				GCC_WARN_UNINITIALIZED_AUTOS = YES_AGGRESSIVE;
				GCC_WARN_UNUSED_FUNCTION = YES;
				GCC_WARN_UNUSED_VARIABLE = YES;
				IPHONEOS_DEPLOYMENT_TARGET = 10.0;
				MTL_ENABLE_DEBUG_INFO = YES;
				ONLY_ACTIVE_ARCH = YES;
				SDKROOT = iphoneos;
				TARGETED_DEVICE_FAMILY = "1,2";
			};
			name = Debug;
		};
		30E5DD501FB3D76400C21691 /* Release */ = {
			isa = XCBuildConfiguration;
			buildSettings = {
				ALWAYS_SEARCH_USER_PATHS = NO;
				CLANG_ANALYZER_NONNULL = YES;
				CLANG_CXX_LANGUAGE_STANDARD = "gnu++0x";
				CLANG_CXX_LIBRARY = "libc++";
				CLANG_ENABLE_MODULES = YES;
				CLANG_ENABLE_OBJC_ARC = YES;
				CLANG_WARN_BOOL_CONVERSION = YES;
				CLANG_WARN_CONSTANT_CONVERSION = YES;
				CLANG_WARN_DIRECT_OBJC_ISA_USAGE = YES_ERROR;
				CLANG_WARN_DOCUMENTATION_COMMENTS = YES;
				CLANG_WARN_EMPTY_BODY = YES;
				CLANG_WARN_ENUM_CONVERSION = YES;
				CLANG_WARN_INFINITE_RECURSION = YES;
				CLANG_WARN_INT_CONVERSION = YES;
				CLANG_WARN_OBJC_ROOT_CLASS = YES_ERROR;
				CLANG_WARN_SUSPICIOUS_MOVES = YES;
				CLANG_WARN_UNREACHABLE_CODE = YES;
				CLANG_WARN__DUPLICATE_METHOD_MATCH = YES;
				"CODE_SIGN_IDENTITY[sdk=iphoneos*]" = "iPhone Developer";
				COPY_PHASE_STRIP = NO;
				DEBUG_INFORMATION_FORMAT = "dwarf-with-dsym";
				ENABLE_NS_ASSERTIONS = NO;
				ENABLE_STRICT_OBJC_MSGSEND = YES;
				GCC_C_LANGUAGE_STANDARD = gnu99;
				GCC_NO_COMMON_BLOCKS = YES;
				GCC_WARN_64_TO_32_BIT_CONVERSION = YES;
				GCC_WARN_ABOUT_RETURN_TYPE = YES_ERROR;
				GCC_WARN_UNDECLARED_SELECTOR = YES;
				GCC_WARN_UNINITIALIZED_AUTOS = YES_AGGRESSIVE;
				GCC_WARN_UNUSED_FUNCTION = YES;
				GCC_WARN_UNUSED_VARIABLE = YES;
				IPHONEOS_DEPLOYMENT_TARGET = 10.0;
				MTL_ENABLE_DEBUG_INFO = NO;
				SDKROOT = iphoneos;
				TARGETED_DEVICE_FAMILY = "1,2";
				VALIDATE_PRODUCT = YES;
			};
			name = Release;
		};
		30E5DD521FB3D76400C21691 /* Debug */ = {
			isa = XCBuildConfiguration;
			buildSettings = {
				ASSETCATALOG_COMPILER_APPICON_NAME = AppIcon;
				DEVELOPMENT_TEAM = AP5995A5FC;
				INFOPLIST_FILE = LMWave/Info.plist;
				IPHONEOS_DEPLOYMENT_TARGET = 8.1;
				LD_RUNPATH_SEARCH_PATHS = "$(inherited) @executable_path/Frameworks";
				PRODUCT_BUNDLE_IDENTIFIER = fds.LMWave;
				PRODUCT_NAME = "$(TARGET_NAME)";
			};
			name = Debug;
		};
		30E5DD531FB3D76400C21691 /* Release */ = {
			isa = XCBuildConfiguration;
			buildSettings = {
				ASSETCATALOG_COMPILER_APPICON_NAME = AppIcon;
				DEVELOPMENT_TEAM = AP5995A5FC;
				INFOPLIST_FILE = LMWave/Info.plist;
				IPHONEOS_DEPLOYMENT_TARGET = 8.1;
				LD_RUNPATH_SEARCH_PATHS = "$(inherited) @executable_path/Frameworks";
				PRODUCT_BUNDLE_IDENTIFIER = fds.LMWave;
				PRODUCT_NAME = "$(TARGET_NAME)";
			};
			name = Release;
		};
/* End XCBuildConfiguration section */

/* Begin XCConfigurationList section */
		30E5DD351FB3D76400C21691 /* Build configuration list for PBXProject "LMWave" */ = {
			isa = XCConfigurationList;
			buildConfigurations = (
				30E5DD4F1FB3D76400C21691 /* Debug */,
				30E5DD501FB3D76400C21691 /* Release */,
			);
			defaultConfigurationIsVisible = 0;
			defaultConfigurationName = Release;
		};
		30E5DD511FB3D76400C21691 /* Build configuration list for PBXNativeTarget "LMWave" */ = {
			isa = XCConfigurationList;
			buildConfigurations = (
				30E5DD521FB3D76400C21691 /* Debug */,
				30E5DD531FB3D76400C21691 /* Release */,
			);
			defaultConfigurationIsVisible = 0;
		};
/* End XCConfigurationList section */
	};
	rootObject = 30E5DD321FB3D76400C21691 /* Project object */;
}
